# Generated by pub
# See https://dart.dev/tools/pub/glossary#lockfile
packages:
  _flutterfire_internals:
    dependency: transitive
    description:
      name: _flutterfire_internals
      sha256: d84d98f1992976775f83083523a34c5d22fea191eec3abb2bd09537fb623c2e0
      url: "https://pub.dev"
    source: hosted
    version: "1.3.7"
  animated_text_kit:
    dependency: "direct main"
    description:
      name: animated_text_kit
      sha256: "37392a5376c9a1a503b02463c38bc0342ef814ddbb8f9977bc90f2a84b22fa92"
      url: "https://pub.dev"
    source: hosted
    version: "4.2.2"
  archive:
    dependency: transitive
    description:
      name: archive
      sha256: "20071638cbe4e5964a427cfa0e86dce55d060bc7d82d56f3554095d7239a8765"
      url: "https://pub.dev"
    source: hosted
    version: "3.4.2"
  args:
    dependency: transitive
    description:
      name: args
      sha256: c372bb384f273f0c2a8aaaa226dad84dc27c8519a691b888725dec59518ad53a
      url: "https://pub.dev"
    source: hosted
    version: "2.4.1"
  asn1lib:
    dependency: transitive
    description:
      name: asn1lib
      sha256: b74e3842a52c61f8819a1ec8444b4de5419b41a7465e69d4aa681445377398b0
      url: "https://pub.dev"
    source: hosted
    version: "1.4.1"
  async:
    dependency: transitive
    description:
      name: async
      sha256: bfe67ef28df125b7dddcea62755991f807aa39a2492a23e1550161692950bbe0
      url: "https://pub.dev"
    source: hosted
    version: "2.10.0"
  badges:
    dependency: "direct main"
    description:
      name: badges
      sha256: "727580d938b7a1ff47ea42df730d581415606b4224cfa708671c10287f8d3fe6"
      url: "https://pub.dev"
    source: hosted
    version: "2.0.3"
  boolean_selector:
    dependency: transitive
    description:
      name: boolean_selector
      sha256: "6cfb5af12253eaf2b368f07bacc5a80d1301a071c73360d746b7f2e32d762c66"
      url: "https://pub.dev"
    source: hosted
    version: "2.1.1"
  buffer:
    dependency: transitive
    description:
      name: buffer
      sha256: "94f60815065a8f0fd4f05be51faf86cf86519327e039d5c2aac72e1d1cc1dad4"
      url: "https://pub.dev"
    source: hosted
    version: "1.2.2"
  cached_network_image:
    dependency: "direct main"
    description:
      name: cached_network_image
      sha256: fd3d0dc1d451f9a252b32d95d3f0c3c487bc41a75eba2e6097cb0b9c71491b15
      url: "https://pub.dev"
    source: hosted
    version: "3.2.3"
  cached_network_image_platform_interface:
    dependency: transitive
    description:
      name: cached_network_image_platform_interface
      sha256: bb2b8403b4ccdc60ef5f25c70dead1f3d32d24b9d6117cfc087f496b178594a7
      url: "https://pub.dev"
    source: hosted
    version: "2.0.0"
  cached_network_image_web:
    dependency: transitive
    description:
      name: cached_network_image_web
      sha256: b8eb814ebfcb4dea049680f8c1ffb2df399e4d03bf7a352c775e26fa06e02fa0
      url: "https://pub.dev"
    source: hosted
    version: "1.0.2"
  characters:
    dependency: transitive
    description:
      name: characters
      sha256: e6a326c8af69605aec75ed6c187d06b349707a27fbff8222ca9cc2cff167975c
      url: "https://pub.dev"
    source: hosted
    version: "1.2.1"
  clock:
    dependency: transitive
    description:
      name: clock
      sha256: cb6d7f03e1de671e34607e909a7213e31d7752be4fb66a86d29fe1eb14bfb5cf
      url: "https://pub.dev"
    source: hosted
    version: "1.1.1"
  collection:
    dependency: transitive
    description:
      name: collection
      sha256: cfc915e6923fe5ce6e153b0723c753045de46de1b4d63771530504004a45fae0
      url: "https://pub.dev"
    source: hosted
    version: "1.17.0"
  convert:
    dependency: transitive
    description:
      name: convert
      sha256: "0f08b14755d163f6e2134cb58222dd25ea2a2ee8a195e53983d57c075324d592"
      url: "https://pub.dev"
    source: hosted
    version: "3.1.1"
  cross_file:
    dependency: transitive
    description:
      name: cross_file
      sha256: "0b0036e8cccbfbe0555fd83c1d31a6f30b77a96b598b35a5d36dd41f718695e9"
      url: "https://pub.dev"
    source: hosted
    version: "0.3.3+4"
  crypto:
    dependency: transitive
    description:
      name: crypto
      sha256: aa274aa7774f8964e4f4f38cc994db7b6158dd36e9187aaceaddc994b35c6c67
      url: "https://pub.dev"
    source: hosted
    version: "3.0.2"
  cupertino_icons:
    dependency: "direct main"
    description:
      name: cupertino_icons
      sha256: e35129dc44c9118cee2a5603506d823bab99c68393879edb440e0090d07586be
      url: "https://pub.dev"
    source: hosted
    version: "1.0.5"
  device_info_plus:
    dependency: transitive
    description:
      name: device_info_plus
      sha256: "7035152271ff67b072a211152846e9f1259cf1be41e34cd3e0b5463d2d6b8419"
      url: "https://pub.dev"
    source: hosted
    version: "9.1.0"
  device_info_plus_platform_interface:
    dependency: transitive
    description:
      name: device_info_plus_platform_interface
      sha256: d3b01d5868b50ae571cd1dc6e502fc94d956b665756180f7b16ead09e836fd64
      url: "https://pub.dev"
    source: hosted
    version: "7.0.0"
  dio:
    dependency: "direct main"
    description:
      name: dio
      sha256: "7d328c4d898a61efc3cd93655a0955858e29a0aa647f0f9e02d59b3bb275e2e8"
      url: "https://pub.dev"
    source: hosted
    version: "4.0.6"
  dot_navigation_bar:
    dependency: "direct main"
    description:
      name: dot_navigation_bar
      sha256: "753e1d91644e39beddd0a4ed7e366f37a95e38cafb601c3b7496120ae0532f63"
      url: "https://pub.dev"
    source: hosted
    version: "1.0.2"
  draggable_fab:
    dependency: "direct main"
    description:
      name: draggable_fab
      sha256: "5c4cc16fb61e44308c9f92a68bd12c127f1898b40a7baf31d75d27d019a591cc"
      url: "https://pub.dev"
    source: hosted
    version: "0.1.4"
  draggable_widget:
    dependency: "direct main"
    description:
      name: draggable_widget
      sha256: d7f6b1eb9cb79b724b02dc2ac699f82d1ab20b99920b8b1f25812054d72ca803
      url: "https://pub.dev"
    source: hosted
    version: "2.0.0"
  email_validator:
    dependency: "direct main"
    description:
      name: email_validator
      sha256: e9a90f27ab2b915a27d7f9c2a7ddda5dd752d6942616ee83529b686fc086221b
      url: "https://pub.dev"
    source: hosted
    version: "2.1.17"
  encrypt:
    dependency: "direct main"
    description:
      name: encrypt
      sha256: "4fd4e4fdc21b9d7d4141823e1e6515cd94e7b8d84749504c232999fba25d9bbb"
      url: "https://pub.dev"
    source: hosted
    version: "5.0.1"
  extended_image:
    dependency: "direct main"
    description:
      name: extended_image
      sha256: a6b738d9b8d5513be72c545cc3e9c5c451fbee77c8db3cbec7c32ae85b82fb93
      url: "https://pub.dev"
    source: hosted
    version: "6.4.1"
  extended_image_library:
    dependency: transitive
    description:
      name: extended_image_library
      sha256: "550743b43ab093aed35ef234500fcc7a304cbac1eca47b0cc991e07e88750758"
      url: "https://pub.dev"
    source: hosted
    version: "3.4.2"
  fake_async:
    dependency: transitive
    description:
      name: fake_async
      sha256: "511392330127add0b769b75a987850d136345d9227c6b94c96a04cf4a391bf78"
      url: "https://pub.dev"
    source: hosted
    version: "1.3.1"
  ffi:
    dependency: transitive
    description:
      name: ffi
      sha256: ed5337a5660c506388a9f012be0288fb38b49020ce2b45fe1f8b8323fe429f99
      url: "https://pub.dev"
    source: hosted
    version: "2.0.2"
  file:
    dependency: transitive
    description:
      name: file
      sha256: "1b92bec4fc2a72f59a8e15af5f52cd441e4a7860b49499d69dfa817af20e925d"
      url: "https://pub.dev"
    source: hosted
    version: "6.1.4"
  file_selector_linux:
    dependency: transitive
    description:
      name: file_selector_linux
      sha256: "770eb1ab057b5ae4326d1c24cc57710758b9a46026349d021d6311bd27580046"
      url: "https://pub.dev"
    source: hosted
    version: "0.9.2"
  file_selector_macos:
    dependency: transitive
    description:
      name: file_selector_macos
      sha256: "4ada532862917bf16e3adb3891fe3a5917a58bae03293e497082203a80909412"
      url: "https://pub.dev"
    source: hosted
    version: "0.9.3+1"
  file_selector_platform_interface:
    dependency: transitive
    description:
      name: file_selector_platform_interface
      sha256: "412705a646a0ae90f33f37acfae6a0f7cbc02222d6cd34e479421c3e74d3853c"
      url: "https://pub.dev"
    source: hosted
    version: "2.6.0"
  file_selector_windows:
    dependency: transitive
    description:
      name: file_selector_windows
      sha256: "1372760c6b389842b77156203308940558a2817360154084368608413835fc26"
      url: "https://pub.dev"
    source: hosted
    version: "0.9.3"
  firebase_analytics:
    dependency: "direct main"
    description:
      name: firebase_analytics
      sha256: "6a8b509b81760dca2abe70c46811f3824c150e9a3f85982f062624a7bae31857"
      url: "https://pub.dev"
    source: hosted
    version: "10.5.1"
  firebase_analytics_platform_interface:
    dependency: transitive
    description:
      name: firebase_analytics_platform_interface
      sha256: acb9cb733fff14041c030ec9c71fc9be6c9d60dbe8932b2a38bc1428d638a915
      url: "https://pub.dev"
    source: hosted
    version: "3.7.1"
  firebase_analytics_web:
    dependency: transitive
    description:
      name: firebase_analytics_web
      sha256: "56ee5baf213cae47eab0ec926261dfecb9d7089ee28edf38dca3ad0ca01601c7"
      url: "https://pub.dev"
    source: hosted
    version: "0.5.5+1"
  firebase_core:
    dependency: "direct main"
    description:
      name: firebase_core
      sha256: "95580fa07c8ca3072a2bb1fecd792616a33f8683477d25b7d29d3a6a399e6ece"
      url: "https://pub.dev"
    source: hosted
    version: "2.17.0"
  firebase_core_platform_interface:
    dependency: "direct main"
    description:
      name: firebase_core_platform_interface
      sha256: b63e3be6c96ef5c33bdec1aab23c91eb00696f6452f0519401d640938c94cba2
      url: "https://pub.dev"
    source: hosted
    version: "4.8.0"
  firebase_core_web:
    dependency: transitive
    description:
      name: firebase_core_web
      sha256: e8c408923cd3a25bd342c576a114f2126769cd1a57106a4edeaa67ea4a84e962
      url: "https://pub.dev"
    source: hosted
    version: "2.8.0"
  firebase_messaging:
    dependency: "direct main"
    description:
      name: firebase_messaging
      sha256: a01d7b9eb43a4bad54a411edb2b4124089d88eab029191893e83c39e18ab19f7
      url: "https://pub.dev"
    source: hosted
    version: "14.6.2"
  firebase_messaging_platform_interface:
    dependency: transitive
    description:
      name: firebase_messaging_platform_interface
      sha256: "8c7ced3201886ad7ba37f344c1468ccfc08abb3023922e0e5a016eaf38abb96c"
      url: "https://pub.dev"
    source: hosted
    version: "4.5.8"
  firebase_messaging_web:
    dependency: transitive
    description:
      name: firebase_messaging_web
      sha256: b601322bdb44e2fefe4cc7b85ef0dbb7a2479d4a7653a51340821cf8d60696b5
      url: "https://pub.dev"
    source: hosted
    version: "3.5.8"
  fl_country_code_picker:
    dependency: "direct main"
    description:
      name: fl_country_code_picker
      sha256: feb4108f876f22887ad97bd3a16583e26e32e04d3262091229379106cbf43ce9
      url: "https://pub.dev"
    source: hosted
    version: "0.0.4"
  flutter:
    dependency: "direct main"
    description: flutter
    source: sdk
    version: "0.0.0"
  flutter_blurhash:
    dependency: transitive
    description:
      name: flutter_blurhash
      sha256: "05001537bd3fac7644fa6558b09ec8c0a3f2eba78c0765f88912882b1331a5c6"
      url: "https://pub.dev"
    source: hosted
    version: "0.7.0"
  flutter_cache_manager:
    dependency: transitive
    description:
      name: flutter_cache_manager
      sha256: "8207f27539deb83732fdda03e259349046a39a4c767269285f449ade355d54ba"
      url: "https://pub.dev"
    source: hosted
    version: "3.3.1"
  flutter_dotenv:
    dependency: "direct main"
    description:
      name: flutter_dotenv
      sha256: "9357883bdd153ab78cbf9ffa07656e336b8bbb2b5a3ca596b0b27e119f7c7d77"
      url: "https://pub.dev"
    source: hosted
    version: "5.1.0"
  flutter_launcher_icons:
    dependency: "direct main"
    description:
      name: flutter_launcher_icons
      sha256: "559c600f056e7c704bd843723c21e01b5fba47e8824bd02422165bcc02a5de1d"
      url: "https://pub.dev"
    source: hosted
    version: "0.9.3"
  flutter_lints:
    dependency: "direct dev"
    description:
      name: flutter_lints
      sha256: b543301ad291598523947dc534aaddc5aaad597b709d2426d3a0e0d44c5cb493
      url: "https://pub.dev"
    source: hosted
    version: "1.0.4"
  flutter_localizations:
    dependency: transitive
    description: flutter
    source: sdk
    version: "0.0.0"
  flutter_notification_channel:
    dependency: "direct main"
    description:
      name: flutter_notification_channel
      sha256: "85f02dceefce1dd05838b639dee3d64ab8721df4882eee7a29ecb277f00ab087"
      url: "https://pub.dev"
    source: hosted
    version: "2.0.0"
  flutter_plugin_android_lifecycle:
    dependency: transitive
    description:
      name: flutter_plugin_android_lifecycle
      sha256: "950e77c2bbe1692bc0874fc7fb491b96a4dc340457f4ea1641443d0a6c1ea360"
      url: "https://pub.dev"
    source: hosted
    version: "2.0.15"
  flutter_slidable:
    dependency: "direct main"
    description:
      name: flutter_slidable
      sha256: "19ed4813003a6ff4e9c6bcce37e792a2a358919d7603b2b31ff200229191e44c"
      url: "https://pub.dev"
    source: hosted
    version: "3.0.1"
  flutter_stripe:
    dependency: "direct main"
    description:
      name: flutter_stripe
      sha256: "7ad314650f6b794e7006a6f906ddbde548fff4e4cff7ad618452728c6b895d1e"
      url: "https://pub.dev"
    source: hosted
    version: "9.5.0+1"
  flutter_svg:
    dependency: transitive
    description:
      name: flutter_svg
      sha256: c9bb2757b8a0bbf8e45f4069a90d2b9dbafc80b1a5e28d43e29088be533e6df4
      url: "https://pub.dev"
    source: hosted
    version: "1.0.3"
  flutter_test:
    dependency: "direct dev"
    description: flutter
    source: sdk
    version: "0.0.0"
  flutter_web_plugins:
    dependency: transitive
    description: flutter
    source: sdk
    version: "0.0.0"
  fluttertoast:
    dependency: "direct main"
    description:
      name: fluttertoast
      sha256: dfdde255317af381bfc1c486ed968d5a43a2ded9c931e87cbecd88767d6a71c1
      url: "https://pub.dev"
    source: hosted
    version: "8.2.4"
  freezed_annotation:
    dependency: transitive
    description:
      name: freezed_annotation
      sha256: c3fd9336eb55a38cc1bbd79ab17573113a8deccd0ecbbf926cca3c62803b5c2d
      url: "https://pub.dev"
    source: hosted
    version: "2.4.1"
  http:
    dependency: "direct main"
    description:
      name: http
      sha256: "6aa2946395183537c8b880962d935877325d6a09a2867c3970c05c0fed6ac482"
      url: "https://pub.dev"
    source: hosted
    version: "0.13.5"
  http_client_helper:
    dependency: transitive
    description:
      name: http_client_helper
      sha256: "14c6e756644339f561321dab021215475ba4779aa962466f59ccb3ecf66b36c3"
      url: "https://pub.dev"
    source: hosted
    version: "2.0.4"
  http_parser:
    dependency: transitive
    description:
      name: http_parser
      sha256: "2aa08ce0341cc9b354a498388e30986515406668dbcc4f7c950c3e715496693b"
      url: "https://pub.dev"
    source: hosted
    version: "4.0.2"
  image:
    dependency: transitive
    description:
      name: image
      sha256: "02bafd3b4f399bfeb10034deba9753d93b55ce41cd0c4d3d8b355626f80e5b32"
      url: "https://pub.dev"
    source: hosted
    version: "3.1.3"
  image_picker:
    dependency: "direct main"
    description:
      name: image_picker
      sha256: b6951e25b795d053a6ba03af5f710069c99349de9341af95155d52665cb4607c
      url: "https://pub.dev"
    source: hosted
    version: "0.8.9"
  image_picker_android:
    dependency: "direct overridden"
    description:
      name: image_picker_android
      sha256: "524c04b800320c92c079294a8a2024912b5cff6854d8e5da4d966338b243a276"
      url: "https://pub.dev"
    source: hosted
    version: "0.8.4+13"
  image_picker_for_web:
    dependency: transitive
    description:
      name: image_picker_for_web
      sha256: "869fe8a64771b7afbc99fc433a5f7be2fea4d1cb3d7c11a48b6b579eb9c797f0"
      url: "https://pub.dev"
    source: hosted
    version: "2.2.0"
  image_picker_ios:
    dependency: transitive
    description:
      name: image_picker_ios
      sha256: b3e2f21feb28b24dd73a35d7ad6e83f568337c70afab5eabac876e23803f264b
      url: "https://pub.dev"
    source: hosted
    version: "0.8.8"
  image_picker_linux:
    dependency: transitive
    description:
      name: image_picker_linux
      sha256: "02cbc21fe1706b97942b575966e5fbbeaac535e76deef70d3a242e4afb857831"
      url: "https://pub.dev"
    source: hosted
    version: "0.2.1"
  image_picker_macos:
    dependency: transitive
    description:
      name: image_picker_macos
      sha256: cee2aa86c56780c13af2c77b5f2f72973464db204569e1ba2dd744459a065af4
      url: "https://pub.dev"
    source: hosted
    version: "0.2.1"
  image_picker_platform_interface:
    dependency: transitive
    description:
      name: image_picker_platform_interface
      sha256: c1134543ae2187e85299996d21c526b2f403854994026d575ae4cf30d7bb2a32
      url: "https://pub.dev"
    source: hosted
    version: "2.9.0"
  image_picker_windows:
    dependency: transitive
    description:
      name: image_picker_windows
      sha256: c3066601ea42113922232c7b7b3330a2d86f029f685bba99d82c30e799914952
      url: "https://pub.dev"
    source: hosted
    version: "0.2.1"
  instagram_mention:
    dependency: "direct main"
    description:
      name: instagram_mention
      sha256: "05a077b2965805175a91cee54d52ddc5318fe46e7bb639368bb3bbf5d67ac177"
      url: "https://pub.dev"
    source: hosted
    version: "1.0.0+3"
  intl:
    dependency: "direct overridden"
    description:
      name: intl
      sha256: "3bc132a9dbce73a7e4a21a17d06e1878839ffbf975568bc875c60537824b0c4d"
      url: "https://pub.dev"
    source: hosted
    version: "0.18.1"
  js:
    dependency: transitive
    description:
      name: js
      sha256: "5528c2f391ededb7775ec1daa69e65a2d61276f7552de2b5f7b8d34ee9fd4ab7"
      url: "https://pub.dev"
    source: hosted
    version: "0.6.5"
  json_annotation:
    dependency: transitive
    description:
      name: json_annotation
      sha256: c33da08e136c3df0190bd5bbe51ae1df4a7d96e7954d1d7249fea2968a72d317
      url: "https://pub.dev"
    source: hosted
    version: "4.8.0"
  lints:
    dependency: transitive
    description:
      name: lints
      sha256: a2c3d198cb5ea2e179926622d433331d8b58374ab8f29cdda6e863bd62fd369c
      url: "https://pub.dev"
    source: hosted
    version: "1.0.1"
  logging:
    dependency: transitive
    description:
      name: logging
      sha256: "04094f2eb032cbb06c6f6e8d3607edcfcb0455e2bb6cbc010cb01171dcb64e6d"
      url: "https://pub.dev"
    source: hosted
    version: "1.1.1"
  matcher:
    dependency: transitive
    description:
      name: matcher
      sha256: "16db949ceee371e9b99d22f88fa3a73c4e59fd0afed0bd25fc336eb76c198b72"
      url: "https://pub.dev"
    source: hosted
    version: "0.12.13"
  material_color_utilities:
    dependency: transitive
    description:
      name: material_color_utilities
      sha256: d92141dc6fe1dad30722f9aa826c7fbc896d021d792f80678280601aff8cf724
      url: "https://pub.dev"
    source: hosted
    version: "0.2.0"
  meta:
    dependency: transitive
    description:
      name: meta
      sha256: "6c268b42ed578a53088d834796959e4a1814b5e9e164f147f580a386e5decf42"
      url: "https://pub.dev"
    source: hosted
    version: "1.8.0"
  mime:
    dependency: transitive
    description:
      name: mime
      sha256: e4ff8e8564c03f255408decd16e7899da1733852a9110a58fe6d1b817684a63e
      url: "https://pub.dev"
    source: hosted
    version: "1.0.4"
  mime_type:
    dependency: transitive
    description:
      name: mime_type
      sha256: "2ad6e67d3d2de9ac0f8ef5352d998fd103cb21351ae8c02fb0c78b079b37d275"
      url: "https://pub.dev"
    source: hosted
    version: "1.0.0"
  minio:
    dependency: "direct main"
    description:
      name: minio
      sha256: "1e5e8036eef4a786fe7cff7d31be5e6905b19e21622842cefc1aaeaba7090c9e"
      url: "https://pub.dev"
    source: hosted
    version: "3.5.0"
  nested:
    dependency: transitive
    description:
      name: nested
      sha256: "03bac4c528c64c95c722ec99280375a6f2fc708eec17c7b3f07253b626cd2a20"
      url: "https://pub.dev"
    source: hosted
    version: "1.0.0"
  octo_image:
    dependency: transitive
    description:
      name: octo_image
      sha256: "107f3ed1330006a3bea63615e81cf637433f5135a52466c7caa0e7152bca9143"
      url: "https://pub.dev"
    source: hosted
    version: "1.0.2"
  path:
    dependency: transitive
    description:
      name: path
      sha256: db9d4f58c908a4ba5953fcee2ae317c94889433e5024c27ce74a37f94267945b
      url: "https://pub.dev"
    source: hosted
    version: "1.8.2"
  path_drawing:
    dependency: transitive
    description:
      name: path_drawing
      sha256: bbb1934c0cbb03091af082a6389ca2080345291ef07a5fa6d6e078ba8682f977
      url: "https://pub.dev"
    source: hosted
    version: "1.0.1"
  path_parsing:
    dependency: transitive
    description:
      name: path_parsing
      sha256: e3e67b1629e6f7e8100b367d3db6ba6af4b1f0bb80f64db18ef1fbabd2fa9ccf
      url: "https://pub.dev"
    source: hosted
    version: "1.0.1"
  path_provider:
    dependency: transitive
    description:
      name: path_provider
      sha256: "909b84830485dbcd0308edf6f7368bc8fd76afa26a270420f34cabea2a6467a0"
      url: "https://pub.dev"
    source: hosted
    version: "2.1.0"
  path_provider_android:
    dependency: transitive
    description:
      name: path_provider_android
      sha256: "5d44fc3314d969b84816b569070d7ace0f1dea04bd94a83f74c4829615d22ad8"
      url: "https://pub.dev"
    source: hosted
    version: "2.1.0"
  path_provider_foundation:
    dependency: transitive
    description:
      name: path_provider_foundation
      sha256: "1b744d3d774e5a879bb76d6cd1ecee2ba2c6960c03b1020cd35212f6aa267ac5"
      url: "https://pub.dev"
    source: hosted
    version: "2.3.0"
  path_provider_linux:
    dependency: transitive
    description:
      name: path_provider_linux
      sha256: ba2b77f0c52a33db09fc8caf85b12df691bf28d983e84cf87ff6d693cfa007b3
      url: "https://pub.dev"
    source: hosted
    version: "2.2.0"
  path_provider_platform_interface:
    dependency: transitive
    description:
      name: path_provider_platform_interface
      sha256: bced5679c7df11190e1ddc35f3222c858f328fff85c3942e46e7f5589bf9eb84
      url: "https://pub.dev"
    source: hosted
    version: "2.1.0"
  path_provider_windows:
    dependency: transitive
    description:
      name: path_provider_windows
      sha256: ee0e0d164516b90ae1f970bdf29f726f1aa730d7cfc449ecc74c495378b705da
      url: "https://pub.dev"
    source: hosted
    version: "2.2.0"
  pay:
    dependency: "direct main"
    description:
      name: pay
      sha256: "0edf4d43a96971cac312b57a2acb86eacee386509037f58af8b4058a5c21b8bb"
      url: "https://pub.dev"
    source: hosted
    version: "1.1.0"
  pay_android:
    dependency: transitive
    description:
      name: pay_android
      sha256: "13c9b0fd79e6e7afc674f09762e05e9856dd4ace6c315c5e331042ee1c1ea666"
      url: "https://pub.dev"
    source: hosted
    version: "1.0.9"
  pay_ios:
    dependency: transitive
    description:
      name: pay_ios
      sha256: eb83e70282de8aed3ceca31ed045ee1d80bf4b50d331411a9d62ad0428a91808
      url: "https://pub.dev"
    source: hosted
    version: "1.0.9"
  pay_platform_interface:
    dependency: transitive
    description:
      name: pay_platform_interface
      sha256: "12580f960066855d4821c4eaf2ef77093c0b20bce623db33104f76db16642e3b"
      url: "https://pub.dev"
    source: hosted
    version: "1.0.3"
  petitparser:
    dependency: transitive
    description:
      name: petitparser
      sha256: "49392a45ced973e8d94a85fdb21293fbb40ba805fc49f2965101ae748a3683b4"
      url: "https://pub.dev"
    source: hosted
    version: "5.1.0"
  phone_number:
    dependency: "direct main"
    description:
      name: phone_number
      sha256: "8d5e58db244564e8280b28798d3db660be4073b62ed1ee5b8f27b5195eb7c8fc"
      url: "https://pub.dev"
    source: hosted
    version: "0.12.0+2"
  photo_manager:
    dependency: "direct main"
    description:
      name: photo_manager
      sha256: ca8ed505a7f0ec741b8c53325d1748be46b9676edaa9157086cc9c12d80c017e
      url: "https://pub.dev"
    source: hosted
    version: "1.3.10"
  platform:
    dependency: transitive
    description:
      name: platform
      sha256: "57c07bf82207aee366dfaa3867b3164e4f03a238a461a11b0e8a3a510d51203d"
      url: "https://pub.dev"
    source: hosted
    version: "3.1.1"
  plugin_platform_interface:
    dependency: transitive
    description:
      name: plugin_platform_interface
      sha256: "43798d895c929056255600343db8f049921cbec94d31ec87f1dc5c16c01935dd"
      url: "https://pub.dev"
    source: hosted
    version: "2.1.5"
  pointycastle:
    dependency: transitive
    description:
      name: pointycastle
      sha256: "7c1e5f0d23c9016c5bbd8b1473d0d3fb3fc851b876046039509e18e0c7485f2c"
      url: "https://pub.dev"
    source: hosted
    version: "3.7.3"
  provider:
    dependency: "direct main"
    description:
      name: provider
      sha256: dc18c7bddb94a1eb3c3154587d16175a657356c80566712e6cd8ca4825eae112
      url: "https://pub.dev"
    source: hosted
    version: "6.0.1"
  pull_to_refresh:
    dependency: "direct main"
    description:
      name: pull_to_refresh
      sha256: bbadd5a931837b57739cf08736bea63167e284e71fb23b218c8c9a6e042aad12
      url: "https://pub.dev"
    source: hosted
    version: "2.0.0"
  readmore:
    dependency: "direct main"
    description:
      name: readmore
      sha256: "99c2483202f7c7e98c50834d72be2b119aefecf4497ca1960ae9d5f418eb1481"
      url: "https://pub.dev"
    source: hosted
    version: "2.2.0"
  rxdart:
    dependency: transitive
    description:
      name: rxdart
      sha256: "0c7c0cedd93788d996e33041ffecda924cc54389199cde4e6a34b440f50044cb"
      url: "https://pub.dev"
    source: hosted
    version: "0.27.7"
  scrollable_positioned_list:
    dependency: transitive
    description:
      name: scrollable_positioned_list
      sha256: "1b54d5f1329a1e263269abc9e2543d90806131aa14fe7c6062a8054d57249287"
      url: "https://pub.dev"
    source: hosted
    version: "0.3.8"
  shared_preferences:
    dependency: "direct main"
    description:
      name: shared_preferences
      sha256: "0344316c947ffeb3a529eac929e1978fcd37c26be4e8468628bac399365a3ca1"
      url: "https://pub.dev"
    source: hosted
    version: "2.2.0"
  shared_preferences_android:
    dependency: transitive
    description:
      name: shared_preferences_android
      sha256: fe8401ec5b6dcd739a0fe9588802069e608c3fdbfd3c3c93e546cf2f90438076
      url: "https://pub.dev"
    source: hosted
    version: "2.2.0"
  shared_preferences_foundation:
    dependency: transitive
    description:
      name: shared_preferences_foundation
      sha256: d29753996d8eb8f7619a1f13df6ce65e34bc107bef6330739ed76f18b22310ef
      url: "https://pub.dev"
    source: hosted
    version: "2.3.3"
  shared_preferences_linux:
    dependency: transitive
    description:
      name: shared_preferences_linux
      sha256: "71d6806d1449b0a9d4e85e0c7a917771e672a3d5dc61149cc9fac871115018e1"
      url: "https://pub.dev"
    source: hosted
    version: "2.3.0"
  shared_preferences_platform_interface:
    dependency: transitive
    description:
      name: shared_preferences_platform_interface
      sha256: "23b052f17a25b90ff2b61aad4cc962154da76fb62848a9ce088efe30d7c50ab1"
      url: "https://pub.dev"
    source: hosted
    version: "2.3.0"
  shared_preferences_web:
    dependency: transitive
    description:
      name: shared_preferences_web
      sha256: "7347b194fb0bbeb4058e6a4e87ee70350b6b2b90f8ac5f8bd5b3a01548f6d33a"
      url: "https://pub.dev"
    source: hosted
    version: "2.2.0"
  shared_preferences_windows:
    dependency: transitive
    description:
      name: shared_preferences_windows
      sha256: f95e6a43162bce43c9c3405f3eb6f39e5b5d11f65fab19196cf8225e2777624d
      url: "https://pub.dev"
    source: hosted
    version: "2.3.0"
  simple_s3:
    dependency: "direct main"
    description:
      name: simple_s3
      sha256: cb2397ae1941ca708ead57adec64ba92d349276a20bf881223a24ae8cc37665d
      url: "https://pub.dev"
    source: hosted
    version: "0.3.2"
  sky_engine:
    dependency: transitive
    description: flutter
    source: sdk
    version: "0.0.99"
  socket_io_client:
    dependency: "direct main"
    description:
      name: socket_io_client
      sha256: "64bd271703db3682d4195dd813c555413d21a49bbaef7c3ed38932fd2a209a10"
      url: "https://pub.dev"
    source: hosted
    version: "1.0.2"
  socket_io_common:
    dependency: transitive
    description:
      name: socket_io_common
      sha256: "469c7e6bb0c8d571a5158c1352112654f03aedc2f0a246533e1cbdb41efa4937"
      url: "https://pub.dev"
    source: hosted
    version: "1.0.1"
  source_span:
    dependency: transitive
    description:
      name: source_span
      sha256: dd904f795d4b4f3b870833847c461801f6750a9fa8e61ea5ac53f9422b31f250
      url: "https://pub.dev"
    source: hosted
    version: "1.9.1"
  sprintf:
    dependency: transitive
    description:
      name: sprintf
      sha256: "1fc9ffe69d4df602376b52949af107d8f5703b77cda567c4d7d86a0693120f23"
      url: "https://pub.dev"
    source: hosted
    version: "7.0.0"
  sqflite:
    dependency: transitive
    description:
      name: sqflite
      sha256: b4d6710e1200e96845747e37338ea8a819a12b51689a3bcf31eff0003b37a0b9
      url: "https://pub.dev"
    source: hosted
    version: "2.2.8+4"
  sqflite_common:
    dependency: transitive
    description:
      name: sqflite_common
      sha256: "8f7603f3f8f126740bc55c4ca2d1027aab4b74a1267a3e31ce51fe40e3b65b8f"
      url: "https://pub.dev"
    source: hosted
    version: "2.4.5+1"
  stack_trace:
    dependency: transitive
    description:
      name: stack_trace
      sha256: c3c7d8edb15bee7f0f74debd4b9c5f3c2ea86766fe4178eb2a18eb30a0bdaed5
      url: "https://pub.dev"
    source: hosted
    version: "1.11.0"
  stream_channel:
    dependency: transitive
    description:
      name: stream_channel
      sha256: "83615bee9045c1d322bbbd1ba209b7a749c2cbcdcb3fdd1df8eb488b3279c1c8"
      url: "https://pub.dev"
    source: hosted
    version: "2.1.1"
  string_scanner:
    dependency: transitive
    description:
      name: string_scanner
      sha256: "556692adab6cfa87322a115640c11f13cb77b3f076ddcc5d6ae3c20242bedcde"
      url: "https://pub.dev"
    source: hosted
    version: "1.2.0"
  stripe_android:
    dependency: transitive
    description:
      name: stripe_android
      sha256: c3a4398a777e4378bbc528e7244a73bcd3e6c6d807fce5bb8bcabc21d31abe8c
      url: "https://pub.dev"
    source: hosted
    version: "9.5.0+1"
  stripe_ios:
    dependency: transitive
    description:
      name: stripe_ios
      sha256: "2756ea9bb3ced403bb7bd97b8bfd3ff2d44e481d613f6150fedb38f70947af11"
      url: "https://pub.dev"
    source: hosted
    version: "9.5.0+1"
  stripe_platform_interface:
    dependency: transitive
    description:
      name: stripe_platform_interface
      sha256: "078142b37e3b7a40f7f9f30428bc3fd3234c493b9b4269ae6f298b7fcfa40f33"
      url: "https://pub.dev"
    source: hosted
    version: "9.5.0+1"
  super_tooltip:
    dependency: "direct main"
    description:
      name: super_tooltip
      sha256: c9b0f4808c4a9a20354110a9da85790d226c7c529202091c27fdcc4780fa497b
      url: "https://pub.dev"
    source: hosted
    version: "1.0.1"
  synchronized:
    dependency: transitive
    description:
      name: synchronized
      sha256: "5fcbd27688af6082f5abd611af56ee575342c30e87541d0245f7ff99faa02c60"
      url: "https://pub.dev"
    source: hosted
    version: "3.1.0"
  term_glyph:
    dependency: transitive
    description:
      name: term_glyph
      sha256: a29248a84fbb7c79282b40b8c72a1209db169a2e0542bce341da992fe1bc7e84
      url: "https://pub.dev"
    source: hosted
    version: "1.2.1"
  test_api:
    dependency: transitive
    description:
      name: test_api
      sha256: ad540f65f92caa91bf21dfc8ffb8c589d6e4dc0c2267818b4cc2792857706206
      url: "https://pub.dev"
    source: hosted
    version: "0.4.16"
  typed_data:
    dependency: transitive
    description:
      name: typed_data
      sha256: facc8d6582f16042dd49f2463ff1bd6e2c9ef9f3d5da3d9b087e244a7b564b3c
      url: "https://pub.dev"
    source: hosted
    version: "1.3.2"
  url_launcher:
    dependency: "direct main"
    description:
      name: url_launcher
      sha256: eb1e00ab44303d50dd487aab67ebc575456c146c6af44422f9c13889984c00f3
      url: "https://pub.dev"
    source: hosted
    version: "6.1.11"
  url_launcher_android:
    dependency: transitive
    description:
      name: url_launcher_android
      sha256: "3dd2388cc0c42912eee04434531a26a82512b9cb1827e0214430c9bcbddfe025"
      url: "https://pub.dev"
    source: hosted
    version: "6.0.38"
  url_launcher_ios:
    dependency: transitive
    description:
      name: url_launcher_ios
      sha256: "9af7ea73259886b92199f9e42c116072f05ff9bea2dcb339ab935dfc957392c2"
      url: "https://pub.dev"
    source: hosted
    version: "6.1.4"
  url_launcher_linux:
    dependency: transitive
    description:
      name: url_launcher_linux
      sha256: "207f4ddda99b95b4d4868320a352d374b0b7e05eefad95a4a26f57da413443f5"
      url: "https://pub.dev"
    source: hosted
    version: "3.0.5"
  url_launcher_macos:
    dependency: transitive
    description:
      name: url_launcher_macos
      sha256: "1c4fdc0bfea61a70792ce97157e5cc17260f61abbe4f39354513f39ec6fd73b1"
      url: "https://pub.dev"
    source: hosted
    version: "3.0.6"
  url_launcher_platform_interface:
    dependency: transitive
    description:
      name: url_launcher_platform_interface
      sha256: bfdfa402f1f3298637d71ca8ecfe840b4696698213d5346e9d12d4ab647ee2ea
      url: "https://pub.dev"
    source: hosted
    version: "2.1.3"
  url_launcher_web:
    dependency: transitive
    description:
      name: url_launcher_web
      sha256: cc26720eefe98c1b71d85f9dc7ef0cada5132617046369d9dc296b3ecaa5cbb4
      url: "https://pub.dev"
    source: hosted
    version: "2.0.18"
  url_launcher_windows:
    dependency: transitive
    description:
      name: url_launcher_windows
      sha256: "7967065dd2b5fccc18c653b97958fdf839c5478c28e767c61ee879f4e7882422"
      url: "https://pub.dev"
    source: hosted
    version: "3.0.7"
  uuid:
    dependency: transitive
    description:
      name: uuid
      sha256: b715b8d3858b6fa9f68f87d20d98830283628014750c2b09b6f516c1da4af2a7
      url: "https://pub.dev"
    source: hosted
    version: "4.1.0"
  vector_math:
    dependency: transitive
    description:
      name: vector_math
      sha256: "80b3257d1492ce4d091729e3a67a60407d227c27241d6927be0130c98e741803"
      url: "https://pub.dev"
    source: hosted
    version: "2.1.4"
  vibration:
    dependency: "direct main"
    description:
      name: vibration
      sha256: "63d4f6b03e38d106599da18e786d5edcd02354433a4ed478fccbbcfc347193ab"
      url: "https://pub.dev"
    source: hosted
    version: "1.8.3"
  win32:
    dependency: transitive
    description:
      name: win32
      sha256: "5a751eddf9db89b3e5f9d50c20ab8612296e4e8db69009788d6c8b060a84191c"
      url: "https://pub.dev"
    source: hosted
    version: "4.1.4"
  win32_registry:
    dependency: transitive
    description:
      name: win32_registry
      sha256: "1c52f994bdccb77103a6231ad4ea331a244dbcef5d1f37d8462f713143b0bfae"
      url: "https://pub.dev"
    source: hosted
    version: "1.1.0"
  xdg_directories:
    dependency: transitive
    description:
      name: xdg_directories
      sha256: f0c26453a2d47aa4c2570c6a033246a3fc62da2fe23c7ffdd0a7495086dc0247
      url: "https://pub.dev"
    source: hosted
    version: "1.0.2"
  xml:
    dependency: transitive
    description:
      name: xml
      sha256: "80d494c09849dc3f899d227a78c30c5b949b985ededf884cb3f3bcd39f4b447a"
      url: "https://pub.dev"
    source: hosted
    version: "5.4.1"
  yaml:
    dependency: transitive
    description:
      name: yaml
      sha256: "23812a9b125b48d4007117254bca50abb6c712352927eece9e155207b1db2370"
      url: "https://pub.dev"
    source: hosted
    version: "3.1.1"
sdks:
  dart: ">=2.18.0 <3.0.0"
  flutter: ">=3.7.0"
